
Microsoft Visual Studio Solution File, Format Version 12.00
# Visual Studio 15
VisualStudioVersion = 15.0.26730.12
MinimumVisualStudioVersion = 10.0.40219.1
Project("{9A19103F-16F7-4668-BE54-9A1E7A4F7556}") = "PickMeUpBrisbaneApp.Client", "PickMeUpBrisbaneApp.Client\PickMeUpBrisbaneApp.Client.csproj", "{E67B249A-8D3F-4497-B1E4-2D5D0CC9DEFF}"
EndProject
Project("{FAE04EC0-301F-11D3-BF4B-00C04F79EFBC}") = "PickMeUpBrisbaneApp.Api", "PickMeUpBrisbaneApp.Api\PickMeUpBrisbaneApp.Api.csproj", "{F876C8B7-8AEC-4028-B056-B988200339A4}"
EndProject
Global
	GlobalSection(SolutionConfigurationPlatforms) = preSolution
		Debug|Any CPU = Debug|Any CPU
		Release|Any CPU = Release|Any CPU
	EndGlobalSection
	GlobalSection(ProjectConfigurationPlatforms) = postSolution
		{E67B249A-8D3F-4497-B1E4-2D5D0CC9DEFF}.Debug|Any CPU.ActiveCfg = Debug|Any CPU
		{E67B249A-8D3F-4497-B1E4-2D5D0CC9DEFF}.Debug|Any CPU.Build.0 = Debug|Any CPU
		{E67B249A-8D3F-4497-B1E4-2D5D0CC9DEFF}.Release|Any CPU.ActiveCfg = Release|Any CPU
		{E67B249A-8D3F-4497-B1E4-2D5D0CC9DEFF}.Release|Any CPU.Build.0 = Release|Any CPU
		{F876C8B7-8AEC-4028-B056-B988200339A4}.Debug|Any CPU.ActiveCfg = Debug|Any CPU
		{F876C8B7-8AEC-4028-B056-B988200339A4}.Debug|Any CPU.Build.0 = Debug|Any CPU
		{F876C8B7-8AEC-4028-B056-B988200339A4}.Release|Any CPU.ActiveCfg = Release|Any CPU
		{F876C8B7-8AEC-4028-B056-B988200339A4}.Release|Any CPU.Build.0 = Release|Any CPU
	EndGlobalSection
	GlobalSection(SolutionProperties) = preSolution
		HideSolutionNode = FALSE
	EndGlobalSection
	GlobalSection(ExtensibilityGlobals) = postSolution
		SolutionGuid = {B4073B5F-C884-4421-84F5-795078A1EBDC}
	EndGlobalSection
EndGlobal
